
Microsoft Visual Studio Solution File, Format Version 12.00
# Visual Studio Version 17
VisualStudioVersion = 17.9.34728.123
MinimumVisualStudioVersion = 10.0.40219.1
Project("{FAE04EC0-301F-11D3-BF4B-00C04F79EFBC}") = "praktica4", "praktica4\praktica4.csproj", "{916EA680-E780-413F-9ACE-19424C056DBC}"
EndProject
Global
	GlobalSection(SolutionConfigurationPlatforms) = preSolution
		Debug|Any CPU = Debug|Any CPU
		Release|Any CPU = Release|Any CPU
	EndGlobalSection
	GlobalSection(ProjectConfigurationPlatforms) = postSolution
		{916EA680-E780-413F-9ACE-19424C056DBC}.Debug|Any CPU.ActiveCfg = Debug|Any CPU
		{916EA680-E780-413F-9ACE-19424C056DBC}.Debug|Any CPU.Build.0 = Debug|Any CPU
		{916EA680-E780-413F-9ACE-19424C056DBC}.Release|Any CPU.ActiveCfg = Release|Any CPU
		{916EA680-E780-413F-9ACE-19424C056DBC}.Release|Any CPU.Build.0 = Release|Any CPU
	EndGlobalSection
	GlobalSection(SolutionProperties) = preSolution
		HideSolutionNode = FALSE
	EndGlobalSection
	GlobalSection(ExtensibilityGlobals) = postSolution
		SolutionGuid = {6AEF8A71-D042-44A6-B105-57AD129EF9DC}
	EndGlobalSection
EndGlobal
